// !$*UTF8*$!
{
	archiveVersion = 1;
	classes = {
	};
	objectVersion = 56;
	objects = {

/* Begin PBXBuildFile section */
		6333849F2B50EEBC00DEB88A /* AppDelegate.swift in Sources */ = {isa = PBXBuildFile; fileRef = 6333849E2B50EEBC00DEB88A /* AppDelegate.swift */; };
		633384A12B50EEBC00DEB88A /* ContentView.swift in Sources */ = {isa = PBXBuildFile; fileRef = 633384A02B50EEBC00DEB88A /* ContentView.swift */; };
		633384A32B50EEBC00DEB88A /* Experience.rcproject in Sources */ = {isa = PBXBuildFile; fileRef = 633384A22B50EEBC00DEB88A /* Experience.rcproject */; };
		633384A52B50EEBC00DEB88A /* Assets.xcassets in Resources */ = {isa = PBXBuildFile; fileRef = 633384A42B50EEBC00DEB88A /* Assets.xcassets */; };
		633384A82B50EEBC00DEB88A /* Preview Assets.xcassets in Resources */ = {isa = PBXBuildFile; fileRef = 633384A72B50EEBC00DEB88A /* Preview Assets.xcassets */; };
		633384B22B50EEBC00DEB88A /* FirstARTests.swift in Sources */ = {isa = PBXBuildFile; fileRef = 633384B12B50EEBC00DEB88A /* FirstARTests.swift */; };
		633384BC2B50EEBC00DEB88A /* FirstARUITests.swift in Sources */ = {isa = PBXBuildFile; fileRef = 633384BB2B50EEBC00DEB88A /* FirstARUITests.swift */; };
		633384BE2B50EEBC00DEB88A /* FirstARUITestsLaunchTests.swift in Sources */ = {isa = PBXBuildFile; fileRef = 633384BD2B50EEBC00DEB88A /* FirstARUITestsLaunchTests.swift */; };
/* End PBXBuildFile section */

/* Begin PBXContainerItemProxy section */
		633384AE2B50EEBC00DEB88A /* PBXContainerItemProxy */ = {
			isa = PBXContainerItemProxy;
			containerPortal = 633384932B50EEBC00DEB88A /* Project object */;
			proxyType = 1;
			remoteGlobalIDString = 6333849A2B50EEBC00DEB88A;
			remoteInfo = FirstAR;
		};
		633384B82B50EEBC00DEB88A /* PBXContainerItemProxy */ = {
			isa = PBXContainerItemProxy;
			containerPortal = 633384932B50EEBC00DEB88A /* Project object */;
			proxyType = 1;
			remoteGlobalIDString = 6333849A2B50EEBC00DEB88A;
			remoteInfo = FirstAR;
		};
/* End PBXContainerItemProxy section */

/* Begin PBXFileReference section */
		6333849B2B50EEBC00DEB88A /* FirstAR.app */ = {isa = PBXFileReference; explicitFileType = wrapper.application; includeInIndex = 0; path = FirstAR.app; sourceTree = BUILT_PRODUCTS_DIR; };
		6333849E2B50EEBC00DEB88A /* AppDelegate.swift */ = {isa = PBXFileReference; lastKnownFileType = sourcecode.swift; path = AppDelegate.swift; sourceTree = "<group>"; };
		633384A02B50EEBC00DEB88A /* ContentView.swift */ = {isa = PBXFileReference; lastKnownFileType = sourcecode.swift; path = ContentView.swift; sourceTree = "<group>"; };
		633384A22B50EEBC00DEB88A /* Experience.rcproject */ = {isa = PBXFileReference; lastKnownFileType = file.rcproject; path = Experience.rcproject; sourceTree = "<group>"; };
		633384A42B50EEBC00DEB88A /* Assets.xcassets */ = {isa = PBXFileReference; lastKnownFileType = folder.assetcatalog; path = Assets.xcassets; sourceTree = "<group>"; };
		633384A72B50EEBC00DEB88A /* Preview Assets.xcassets */ = {isa = PBXFileReference; lastKnownFileType = folder.assetcatalog; path = "Preview Assets.xcassets"; sourceTree = "<group>"; };
		633384AD2B50EEBC00DEB88A /* FirstARTests.xctest */ = {isa = PBXFileReference; explicitFileType = wrapper.cfbundle; includeInIndex = 0; path = FirstARTests.xctest; sourceTree = BUILT_PRODUCTS_DIR; };
		633384B12B50EEBC00DEB88A /* FirstARTests.swift */ = {isa = PBXFileReference; lastKnownFileType = sourcecode.swift; path = FirstARTests.swift; sourceTree = "<group>"; };
		633384B72B50EEBC00DEB88A /* FirstARUITests.xctest */ = {isa = PBXFileReference; explicitFileType = wrapper.cfbundle; includeInIndex = 0; path = FirstARUITests.xctest; sourceTree = BUILT_PRODUCTS_DIR; };
		633384BB2B50EEBC00DEB88A /* FirstARUITests.swift */ = {isa = PBXFileReference; lastKnownFileType = sourcecode.swift; path = FirstARUITests.swift; sourceTree = "<group>"; };
		633384BD2B50EEBC00DEB88A /* FirstARUITestsLaunchTests.swift */ = {isa = PBXFileReference; lastKnownFileType = sourcecode.swift; path = FirstARUITestsLaunchTests.swift; sourceTree = "<group>"; };
/* End PBXFileReference section */

/* Begin PBXFrameworksBuildPhase section */
		633384982B50EEBC00DEB88A /* Frameworks */ = {
			isa = PBXFrameworksBuildPhase;
			buildActionMask = 2147483647;
			files = (
			);
			runOnlyForDeploymentPostprocessing = 0;
		};
		633384AA2B50EEBC00DEB88A /* Frameworks */ = {
			isa = PBXFrameworksBuildPhase;
			buildActionMask = 2147483647;
			files = (
			);
			runOnlyForDeploymentPostprocessing = 0;
		};
		633384B42B50EEBC00DEB88A /* Frameworks */ = {
			isa = PBXFrameworksBuildPhase;
			buildActionMask = 2147483647;
			files = (
			);
			runOnlyForDeploymentPostprocessing = 0;
		};
/* End PBXFrameworksBuildPhase section */

/* Begin PBXGroup section */
		633384922B50EEBC00DEB88A = {
			isa = PBXGroup;
			children = (
				6333849D2B50EEBC00DEB88A /* FirstAR */,
				633384B02B50EEBC00DEB88A /* FirstARTests */,
				633384BA2B50EEBC00DEB88A /* FirstARUITests */,
				6333849C2B50EEBC00DEB88A /* Products */,
			);
			sourceTree = "<group>";
		};
		6333849C2B50EEBC00DEB88A /* Products */ = {
			isa = PBXGroup;
			children = (
				6333849B2B50EEBC00DEB88A /* FirstAR.app */,
				633384AD2B50EEBC00DEB88A /* FirstARTests.xctest */,
				633384B72B50EEBC00DEB88A /* FirstARUITests.xctest */,
			);
			name = Products;
			sourceTree = "<group>";
		};
		6333849D2B50EEBC00DEB88A /* FirstAR */ = {
			isa = PBXGroup;
			children = (
				6333849E2B50EEBC00DEB88A /* AppDelegate.swift */,
				633384A02B50EEBC00DEB88A /* ContentView.swift */,
				633384A22B50EEBC00DEB88A /* Experience.rcproject */,
				633384A42B50EEBC00DEB88A /* Assets.xcassets */,
				633384A62B50EEBC00DEB88A /* Preview Content */,
			);
			path = FirstAR;
			sourceTree = "<group>";
		};
		633384A62B50EEBC00DEB88A /* Preview Content */ = {
			isa = PBXGroup;
			children = (
				633384A72B50EEBC00DEB88A /* Preview Assets.xcassets */,
			);
			path = "Preview Content";
			sourceTree = "<group>";
		};
		633384B02B50EEBC00DEB88A /* FirstARTests */ = {
			isa = PBXGroup;
			children = (
				633384B12B50EEBC00DEB88A /* FirstARTests.swift */,
			);
			path = FirstARTests;
			sourceTree = "<group>";
		};
		633384BA2B50EEBC00DEB88A /* FirstARUITests */ = {
			isa = PBXGroup;
			children = (
				633384BB2B50EEBC00DEB88A /* FirstARUITests.swift */,
				633384BD2B50EEBC00DEB88A /* FirstARUITestsLaunchTests.swift */,
			);
			path = FirstARUITests;
			sourceTree = "<group>";
		};
/* End PBXGroup section */

/* Begin PBXNativeTarget section */
		6333849A2B50EEBC00DEB88A /* FirstAR */ = {
			isa = PBXNativeTarget;
			buildConfigurationList = 633384C12B50EEBC00DEB88A /* Build configuration list for PBXNativeTarget "FirstAR" */;
			buildPhases = (
				633384972B50EEBC00DEB88A /* Sources */,
				633384982B50EEBC00DEB88A /* Frameworks */,
				633384992B50EEBC00DEB88A /* Resources */,
			);
			buildRules = (
			);
			dependencies = (
			);
			name = FirstAR;
			productName = FirstAR;
			productReference = 6333849B2B50EEBC00DEB88A /* FirstAR.app */;
			productType = "com.apple.product-type.application";
		};
		633384AC2B50EEBC00DEB88A /* FirstARTests */ = {
			isa = PBXNativeTarget;
			buildConfigurationList = 633384C42B50EEBC00DEB88A /* Build configuration list for PBXNativeTarget "FirstARTests" */;
			buildPhases = (
				633384A92B50EEBC00DEB88A /* Sources */,
				633384AA2B50EEBC00DEB88A /* Frameworks */,
				633384AB2B50EEBC00DEB88A /* Resources */,
			);
			buildRules = (
			);
			dependencies = (
				633384AF2B50EEBC00DEB88A /* PBXTargetDependency */,
			);
			name = FirstARTests;
			productName = FirstARTests;
			productReference = 633384AD2B50EEBC00DEB88A /* FirstARTests.xctest */;
			productType = "com.apple.product-type.bundle.unit-test";
		};
		633384B62B50EEBC00DEB88A /* FirstARUITests */ = {
			isa = PBXNativeTarget;
			buildConfigurationList = 633384C72B50EEBC00DEB88A /* Build configuration list for PBXNativeTarget "FirstARUITests" */;
			buildPhases = (
				633384B32B50EEBC00DEB88A /* Sources */,
				633384B42B50EEBC00DEB88A /* Frameworks */,
				633384B52B50EEBC00DEB88A /* Resources */,
			);
			buildRules = (
			);
			dependencies = (
				633384B92B50EEBC00DEB88A /* PBXTargetDependency */,
			);
			name = FirstARUITests;
			productName = FirstARUITests;
			productReference = 633384B72B50EEBC00DEB88A /* FirstARUITests.xctest */;
			productType = "com.apple.product-type.bundle.ui-testing";
		};
/* End PBXNativeTarget section */

/* Begin PBXProject section */
		633384932B50EEBC00DEB88A /* Project object */ = {
			isa = PBXProject;
			attributes = {
				BuildIndependentTargetsInParallel = 1;
				LastSwiftUpdateCheck = 1430;
				LastUpgradeCheck = 1430;
				TargetAttributes = {
					6333849A2B50EEBC00DEB88A = {
						CreatedOnToolsVersion = 14.3.1;
					};
					633384AC2B50EEBC00DEB88A = {
						CreatedOnToolsVersion = 14.3.1;
						TestTargetID = 6333849A2B50EEBC00DEB88A;
					};
					633384B62B50EEBC00DEB88A = {
						CreatedOnToolsVersion = 14.3.1;
						TestTargetID = 6333849A2B50EEBC00DEB88A;
					};
				};
			};
			buildConfigurationList = 633384962B50EEBC00DEB88A /* Build configuration list for PBXProject "FirstAR" */;
			compatibilityVersion = "Xcode 14.0";
			developmentRegion = en;
			hasScannedForEncodings = 0;
			knownRegions = (
				en,
				Base,
			);
			mainGroup = 633384922B50EEBC00DEB88A;
			productRefGroup = 6333849C2B50EEBC00DEB88A /* Products */;
			projectDirPath = "";
			projectRoot = "";
			targets = (
				6333849A2B50EEBC00DEB88A /* FirstAR */,
				633384AC2B50EEBC00DEB88A /* FirstARTests */,
				633384B62B50EEBC00DEB88A /* FirstARUITests */,
			);
		};
/* End PBXProject section */

/* Begin PBXResourcesBuildPhase section */
		633384992B50EEBC00DEB88A /* Resources */ = {
			isa = PBXResourcesBuildPhase;
			buildActionMask = 2147483647;
			files = (
				633384A82B50EEBC00DEB88A /* Preview Assets.xcassets in Resources */,
				633384A52B50EEBC00DEB88A /* Assets.xcassets in Resources */,
			);
			runOnlyForDeploymentPostprocessing = 0;
		};
		633384AB2B50EEBC00DEB88A /* Resources */ = {
			isa = PBXResourcesBuildPhase;
			buildActionMask = 2147483647;
			files = (
			);
			runOnlyForDeploymentPostprocessing = 0;
		};
		633384B52B50EEBC00DEB88A /* Resources */ = {
			isa = PBXResourcesBuildPhase;
			buildActionMask = 2147483647;
			files = (
			);
			runOnlyForDeploymentPostprocessing = 0;
		};
/* End PBXResourcesBuildPhase section */

/* Begin PBXSourcesBuildPhase section */
		633384972B50EEBC00DEB88A /* Sources */ = {
			isa = PBXSourcesBuildPhase;
			buildActionMask = 2147483647;
			files = (
				633384A12B50EEBC00DEB88A /* ContentView.swift in Sources */,
				6333849F2B50EEBC00DEB88A /* AppDelegate.swift in Sources */,
				633384A32B50EEBC00DEB88A /* Experience.rcproject in Sources */,
			);
			runOnlyForDeploymentPostprocessing = 0;
		};
		633384A92B50EEBC00DEB88A /* Sources */ = {
			isa = PBXSourcesBuildPhase;
			buildActionMask = 2147483647;
			files = (
				633384B22B50EEBC00DEB88A /* FirstARTests.swift in Sources */,
			);
			runOnlyForDeploymentPostprocessing = 0;
		};
		633384B32B50EEBC00DEB88A /* Sources */ = {
			isa = PBXSourcesBuildPhase;
			buildActionMask = 2147483647;
			files = (
				633384BE2B50EEBC00DEB88A /* FirstARUITestsLaunchTests.swift in Sources */,
				633384BC2B50EEBC00DEB88A /* FirstARUITests.swift in Sources */,
			);
			runOnlyForDeploymentPostprocessing = 0;
		};
/* End PBXSourcesBuildPhase section */

/* Begin PBXTargetDependency section */
		633384AF2B50EEBC00DEB88A /* PBXTargetDependency */ = {
			isa = PBXTargetDependency;
			target = 6333849A2B50EEBC00DEB88A /* FirstAR */;
			targetProxy = 633384AE2B50EEBC00DEB88A /* PBXContainerItemProxy */;
		};
		633384B92B50EEBC00DEB88A /* PBXTargetDependency */ = {
			isa = PBXTargetDependency;
			target = 6333849A2B50EEBC00DEB88A /* FirstAR */;
			targetProxy = 633384B82B50EEBC00DEB88A /* PBXContainerItemProxy */;
		};
/* End PBXTargetDependency section */

/* Begin XCBuildConfiguration section */
		633384BF2B50EEBC00DEB88A /* Debug */ = {
			isa = XCBuildConfiguration;
			buildSettings = {
				ALWAYS_SEARCH_USER_PATHS = NO;
				CLANG_ANALYZER_NONNULL = YES;
				CLANG_ANALYZER_NUMBER_OBJECT_CONVERSION = YES_AGGRESSIVE;
				CLANG_CXX_LANGUAGE_STANDARD = "gnu++20";
				CLANG_ENABLE_MODULES = YES;
				CLANG_ENABLE_OBJC_ARC = YES;
				CLANG_ENABLE_OBJC_WEAK = YES;
				CLANG_WARN_BLOCK_CAPTURE_AUTORELEASING = YES;
				CLANG_WARN_BOOL_CONVERSION = YES;
				CLANG_WARN_COMMA = YES;
				CLANG_WARN_CONSTANT_CONVERSION = YES;
				CLANG_WARN_DEPRECATED_OBJC_IMPLEMENTATIONS = YES;
				CLANG_WARN_DIRECT_OBJC_ISA_USAGE = YES_ERROR;
				CLANG_WARN_DOCUMENTATION_COMMENTS = YES;
				CLANG_WARN_EMPTY_BODY = YES;
				CLANG_WARN_ENUM_CONVERSION = YES;
				CLANG_WARN_INFINITE_RECURSION = YES;
				CLANG_WARN_INT_CONVERSION = YES;
				CLANG_WARN_NON_LITERAL_NULL_CONVERSION = YES;
				CLANG_WARN_OBJC_IMPLICIT_RETAIN_SELF = YES;
				CLANG_WARN_OBJC_LITERAL_CONVERSION = YES;
				CLANG_WARN_OBJC_ROOT_CLASS = YES_ERROR;
				CLANG_WARN_QUOTED_INCLUDE_IN_FRAMEWORK_HEADER = YES;
				CLANG_WARN_RANGE_LOOP_ANALYSIS = YES;
				CLANG_WARN_STRICT_PROTOTYPES = YES;
				CLANG_WARN_SUSPICIOUS_MOVE = YES;
				CLANG_WARN_UNGUARDED_AVAILABILITY = YES_AGGRESSIVE;
				CLANG_WARN_UNREACHABLE_CODE = YES;
				CLANG_WARN__DUPLICATE_METHOD_MATCH = YES;
				COPY_PHASE_STRIP = NO;
				DEBUG_INFORMATION_FORMAT = dwarf;
				ENABLE_STRICT_OBJC_MSGSEND = YES;
				ENABLE_TESTABILITY = YES;
				GCC_C_LANGUAGE_STANDARD = gnu11;
				GCC_DYNAMIC_NO_PIC = NO;
				GCC_NO_COMMON_BLOCKS = YES;
				GCC_OPTIMIZATION_LEVEL = 0;
				GCC_PREPROCESSOR_DEFINITIONS = (
					"DEBUG=1",
					"$(inherited)",
				);
				GCC_WARN_64_TO_32_BIT_CONVERSION = YES;
				GCC_WARN_ABOUT_RETURN_TYPE = YES_ERROR;
				GCC_WARN_UNDECLARED_SELECTOR = YES;
				GCC_WARN_UNINITIALIZED_AUTOS = YES_AGGRESSIVE;
				GCC_WARN_UNUSED_FUNCTION = YES;
				GCC_WARN_UNUSED_VARIABLE = YES;
				IPHONEOS_DEPLOYMENT_TARGET = 16.4;
				MTL_ENABLE_DEBUG_INFO = INCLUDE_SOURCE;
				MTL_FAST_MATH = YES;
				ONLY_ACTIVE_ARCH = YES;
				SDKROOT = iphoneos;
				SWIFT_ACTIVE_COMPILATION_CONDITIONS = DEBUG;
				SWIFT_OPTIMIZATION_LEVEL = "-Onone";
			};
			name = Debug;
		};
		633384C02B50EEBC00DEB88A /* Release */ = {
			isa = XCBuildConfiguration;
			buildSettings = {
				ALWAYS_SEARCH_USER_PATHS = NO;
				CLANG_ANALYZER_NONNULL = YES;
				CLANG_ANALYZER_NUMBER_OBJECT_CONVERSION = YES_AGGRESSIVE;
				CLANG_CXX_LANGUAGE_STANDARD = "gnu++20";
				CLANG_ENABLE_MODULES = YES;
				CLANG_ENABLE_OBJC_ARC = YES;
				CLANG_ENABLE_OBJC_WEAK = YES;
				CLANG_WARN_BLOCK_CAPTURE_AUTORELEASING = YES;
				CLANG_WARN_BOOL_CONVERSION = YES;
				CLANG_WARN_COMMA = YES;
				CLANG_WARN_CONSTANT_CONVERSION = YES;
				CLANG_WARN_DEPRECATED_OBJC_IMPLEMENTATIONS = YES;
				CLANG_WARN_DIRECT_OBJC_ISA_USAGE = YES_ERROR;
				CLANG_WARN_DOCUMENTATION_COMMENTS = YES;
				CLANG_WARN_EMPTY_BODY = YES;
				CLANG_WARN_ENUM_CONVERSION = YES;
				CLANG_WARN_INFINITE_RECURSION = YES;
				CLANG_WARN_INT_CONVERSION = YES;
				CLANG_WARN_NON_LITERAL_NULL_CONVERSION = YES;
				CLANG_WARN_OBJC_IMPLICIT_RETAIN_SELF = YES;
				CLANG_WARN_OBJC_LITERAL_CONVERSION = YES;
				CLANG_WARN_OBJC_ROOT_CLASS = YES_ERROR;
				CLANG_WARN_QUOTED_INCLUDE_IN_FRAMEWORK_HEADER = YES;
				CLANG_WARN_RANGE_LOOP_ANALYSIS = YES;
				CLANG_WARN_STRICT_PROTOTYPES = YES;
				CLANG_WARN_SUSPICIOUS_MOVE = YES;
				CLANG_WARN_UNGUARDED_AVAILABILITY = YES_AGGRESSIVE;
				CLANG_WARN_UNREACHABLE_CODE = YES;
				CLANG_WARN__DUPLICATE_METHOD_MATCH = YES;
				COPY_PHASE_STRIP = NO;
				DEBUG_INFORMATION_FORMAT = "dwarf-with-dsym";
				ENABLE_NS_ASSERTIONS = NO;
				ENABLE_STRICT_OBJC_MSGSEND = YES;
				GCC_C_LANGUAGE_STANDARD = gnu11;
				GCC_NO_COMMON_BLOCKS = YES;
				GCC_WARN_64_TO_32_BIT_CONVERSION = YES;
				GCC_WARN_ABOUT_RETURN_TYPE = YES_ERROR;
				GCC_WARN_UNDECLARED_SELECTOR = YES;
				GCC_WARN_UNINITIALIZED_AUTOS = YES_AGGRESSIVE;
				GCC_WARN_UNUSED_FUNCTION = YES;
				GCC_WARN_UNUSED_VARIABLE = YES;
				IPHONEOS_DEPLOYMENT_TARGET = 16.4;
				MTL_ENABLE_DEBUG_INFO = NO;
				MTL_FAST_MATH = YES;
				SDKROOT = iphoneos;
				SWIFT_COMPILATION_MODE = wholemodule;
				SWIFT_OPTIMIZATION_LEVEL = "-O";
				VALIDATE_PRODUCT = YES;
			};
			name = Release;
		};
		633384C22B50EEBC00DEB88A /* Debug */ = {
			isa = XCBuildConfiguration;
			buildSettings = {
				ASSETCATALOG_COMPILER_APPICON_NAME = AppIcon;
				ASSETCATALOG_COMPILER_GLOBAL_ACCENT_COLOR_NAME = AccentColor;
				CODE_SIGN_STYLE = Automatic;
				CURRENT_PROJECT_VERSION = 1;
				DEVELOPMENT_ASSET_PATHS = "\"FirstAR/Preview Content\"";
				DEVELOPMENT_TEAM = 6AK546J4UW;
				ENABLE_PREVIEWS = YES;
				GENERATE_INFOPLIST_FILE = YES;
				INFOPLIST_KEY_NSCameraUsageDescription = "";
				INFOPLIST_KEY_UIApplicationSupportsIndirectInputEvents = YES;
				INFOPLIST_KEY_UILaunchScreen_Generation = YES;
				INFOPLIST_KEY_UIRequiredDeviceCapabilities = arkit;
				INFOPLIST_KEY_UIStatusBarHidden = YES;
				INFOPLIST_KEY_UISupportedInterfaceOrientations_iPad = "UIInterfaceOrientationPortrait UIInterfaceOrientationPortraitUpsideDown UIInterfaceOrientationLandscapeLeft UIInterfaceOrientationLandscapeRight";
				INFOPLIST_KEY_UISupportedInterfaceOrientations_iPhone = "UIInterfaceOrientationPortrait UIInterfaceOrientationLandscapeLeft UIInterfaceOrientationLandscapeRight";
				LD_RUNPATH_SEARCH_PATHS = (
					"$(inherited)",
					"@executable_path/Frameworks",
				);
				MARKETING_VERSION = 1.0;
				PRODUCT_BUNDLE_IDENTIFIER = mt.momee.FirstAR;
				PRODUCT_NAME = "$(TARGET_NAME)";
				SWIFT_EMIT_LOC_STRINGS = YES;
				SWIFT_VERSION = 5.0;
				TARGETED_DEVICE_FAMILY = "1,2";
			};
			name = Debug;
		};
		633384C32B50EEBC00DEB88A /* Release */ = {
			isa = XCBuildConfiguration;
			buildSettings = {
				ASSETCATALOG_COMPILER_APPICON_NAME = AppIcon;
				ASSETCATALOG_COMPILER_GLOBAL_ACCENT_COLOR_NAME = AccentColor;
				CODE_SIGN_STYLE = Automatic;
				CURRENT_PROJECT_VERSION = 1;
				DEVELOPMENT_ASSET_PATHS = "\"FirstAR/Preview Content\"";
				DEVELOPMENT_TEAM = 6AK546J4UW;
				ENABLE_PREVIEWS = YES;
				GENERATE_INFOPLIST_FILE = YES;
				INFOPLIST_KEY_NSCameraUsageDescription = "";
				INFOPLIST_KEY_UIApplicationSupportsIndirectInputEvents = YES;
				INFOPLIST_KEY_UILaunchScreen_Generation = YES;
				INFOPLIST_KEY_UIRequiredDeviceCapabilities = arkit;
				INFOPLIST_KEY_UIStatusBarHidden = YES;
				INFOPLIST_KEY_UISupportedInterfaceOrientations_iPad = "UIInterfaceOrientationPortrait UIInterfaceOrientationPortraitUpsideDown UIInterfaceOrientationLandscapeLeft UIInterfaceOrientationLandscapeRight";
				INFOPLIST_KEY_UISupportedInterfaceOrientations_iPhone = "UIInterfaceOrientationPortrait UIInterfaceOrientationLandscapeLeft UIInterfaceOrientationLandscapeRight";
				LD_RUNPATH_SEARCH_PATHS = (
					"$(inherited)",
					"@executable_path/Frameworks",
				);
				MARKETING_VERSION = 1.0;
				PRODUCT_BUNDLE_IDENTIFIER = mt.momee.FirstAR;
				PRODUCT_NAME = "$(TARGET_NAME)";
				SWIFT_EMIT_LOC_STRINGS = YES;
				SWIFT_VERSION = 5.0;
				TARGETED_DEVICE_FAMILY = "1,2";
			};
			name = Release;
		};
		633384C52B50EEBC00DEB88A /* Debug */ = {
			isa = XCBuildConfiguration;
			buildSettings = {
				ALWAYS_EMBED_SWIFT_STANDARD_LIBRARIES = YES;
				BUNDLE_LOADER = "$(TEST_HOST)";
				CODE_SIGN_STYLE = Automatic;
				CURRENT_PROJECT_VERSION = 1;
				DEVELOPMENT_TEAM = 6AK546J4UW;
				GENERATE_INFOPLIST_FILE = YES;
				IPHONEOS_DEPLOYMENT_TARGET = 16.4;
				MARKETING_VERSION = 1.0;
				PRODUCT_BUNDLE_IDENTIFIER = mt.momee.FirstARTests;
				PRODUCT_NAME = "$(TARGET_NAME)";
				SWIFT_EMIT_LOC_STRINGS = NO;
				SWIFT_VERSION = 5.0;
				TARGETED_DEVICE_FAMILY = "1,2";
				TEST_HOST = "$(BUILT_PRODUCTS_DIR)/FirstAR.app/$(BUNDLE_EXECUTABLE_FOLDER_PATH)/FirstAR";
			};
			name = Debug;
		};
		633384C62B50EEBC00DEB88A /* Release */ = {
			isa = XCBuildConfiguration;
			buildSettings = {
				ALWAYS_EMBED_SWIFT_STANDARD_LIBRARIES = YES;
				BUNDLE_LOADER = "$(TEST_HOST)";
				CODE_SIGN_STYLE = Automatic;
				CURRENT_PROJECT_VERSION = 1;
				DEVELOPMENT_TEAM = 6AK546J4UW;
				GENERATE_INFOPLIST_FILE = YES;
				IPHONEOS_DEPLOYMENT_TARGET = 16.4;
				MARKETING_VERSION = 1.0;
				PRODUCT_BUNDLE_IDENTIFIER = mt.momee.FirstARTests;
				PRODUCT_NAME = "$(TARGET_NAME)";
				SWIFT_EMIT_LOC_STRINGS = NO;
				SWIFT_VERSION = 5.0;
				TARGETED_DEVICE_FAMILY = "1,2";
				TEST_HOST = "$(BUILT_PRODUCTS_DIR)/FirstAR.app/$(BUNDLE_EXECUTABLE_FOLDER_PATH)/FirstAR";
			};
			name = Release;
		};
		633384C82B50EEBC00DEB88A /* Debug */ = {
			isa = XCBuildConfiguration;
			buildSettings = {
				ALWAYS_EMBED_SWIFT_STANDARD_LIBRARIES = YES;
				CODE_SIGN_STYLE = Automatic;
				CURRENT_PROJECT_VERSION = 1;
				DEVELOPMENT_TEAM = 6AK546J4UW;
				GENERATE_INFOPLIST_FILE = YES;
				MARKETING_VERSION = 1.0;
				PRODUCT_BUNDLE_IDENTIFIER = mt.momee.FirstARUITests;
				PRODUCT_NAME = "$(TARGET_NAME)";
				SWIFT_EMIT_LOC_STRINGS = NO;
				SWIFT_VERSION = 5.0;
				TARGETED_DEVICE_FAMILY = "1,2";
				TEST_TARGET_NAME = FirstAR;
			};
			name = Debug;
		};
		633384C92B50EEBC00DEB88A /* Release */ = {
			isa = XCBuildConfiguration;
			buildSettings = {
				ALWAYS_EMBED_SWIFT_STANDARD_LIBRARIES = YES;
				CODE_SIGN_STYLE = Automatic;
				CURRENT_PROJECT_VERSION = 1;
				DEVELOPMENT_TEAM = 6AK546J4UW;
				GENERATE_INFOPLIST_FILE = YES;
				MARKETING_VERSION = 1.0;
				PRODUCT_BUNDLE_IDENTIFIER = mt.momee.FirstARUITests;
				PRODUCT_NAME = "$(TARGET_NAME)";
				SWIFT_EMIT_LOC_STRINGS = NO;
				SWIFT_VERSION = 5.0;
				TARGETED_DEVICE_FAMILY = "1,2";
				TEST_TARGET_NAME = FirstAR;
			};
			name = Release;
		};
/* End XCBuildConfiguration section */

/* Begin XCConfigurationList section */
		633384962B50EEBC00DEB88A /* Build configuration list for PBXProject "FirstAR" */ = {
			isa = XCConfigurationList;
			buildConfigurations = (
				633384BF2B50EEBC00DEB88A /* Debug */,
				633384C02B50EEBC00DEB88A /* Release */,
			);
			defaultConfigurationIsVisible = 0;
			defaultConfigurationName = Release;
		};
		633384C12B50EEBC00DEB88A /* Build configuration list for PBXNativeTarget "FirstAR" */ = {
			isa = XCConfigurationList;
			buildConfigurations = (
				633384C22B50EEBC00DEB88A /* Debug */,
				633384C32B50EEBC00DEB88A /* Release */,
			);
			defaultConfigurationIsVisible = 0;
			defaultConfigurationName = Release;
		};
		633384C42B50EEBC00DEB88A /* Build configuration list for PBXNativeTarget "FirstARTests" */ = {
			isa = XCConfigurationList;
			buildConfigurations = (
				633384C52B50EEBC00DEB88A /* Debug */,
				633384C62B50EEBC00DEB88A /* Release */,
			);
			defaultConfigurationIsVisible = 0;
			defaultConfigurationName = Release;
		};
		633384C72B50EEBC00DEB88A /* Build configuration list for PBXNativeTarget "FirstARUITests" */ = {
			isa = XCConfigurationList;
			buildConfigurations = (
				633384C82B50EEBC00DEB88A /* Debug */,
				633384C92B50EEBC00DEB88A /* Release */,
			);
			defaultConfigurationIsVisible = 0;
			defaultConfigurationName = Release;
		};
/* End XCConfigurationList section */
	};
	rootObject = 633384932B50EEBC00DEB88A /* Project object */;
}
